
Microsoft Visual Studio Solution File, Format Version 12.00
# Visual Studio 15
VisualStudioVersion = 15.0.28010.2003
MinimumVisualStudioVersion = 10.0.40219.1
Project("{9A19103F-16F7-4668-BE54-9A1E7A4F7556}") = "Microservice.Service", "Microservice.Service\Microservice.Service.csproj", "{ED33B03C-1242-41D9-A1E6-6222E0B4DB1A}"
EndProject
Project("{9A19103F-16F7-4668-BE54-9A1E7A4F7556}") = "Microservice.Test", "Microservice.Test\Microservice.Test.csproj", "{AB008C25-78EA-4D27-9E1D-C7A19993247E}"
EndProject
Project("{FAE04EC0-301F-11D3-BF4B-00C04F79EFBC}") = "Microservice.Test.Integrationtest", "Microservice.Test.Integrationtest\Microservice.Test.Integrationtest.csproj", "{CD9F5FAD-E3B9-4B1D-8257-59CCF86C01AD}"
EndProject
Global
	GlobalSection(SolutionConfigurationPlatforms) = preSolution
		Debug|Any CPU = Debug|Any CPU
		Release|Any CPU = Release|Any CPU
	EndGlobalSection
	GlobalSection(ProjectConfigurationPlatforms) = postSolution
		{ED33B03C-1242-41D9-A1E6-6222E0B4DB1A}.Debug|Any CPU.ActiveCfg = Debug|Any CPU
		{ED33B03C-1242-41D9-A1E6-6222E0B4DB1A}.Debug|Any CPU.Build.0 = Debug|Any CPU
		{ED33B03C-1242-41D9-A1E6-6222E0B4DB1A}.Release|Any CPU.ActiveCfg = Release|Any CPU
		{ED33B03C-1242-41D9-A1E6-6222E0B4DB1A}.Release|Any CPU.Build.0 = Release|Any CPU
		{AB008C25-78EA-4D27-9E1D-C7A19993247E}.Debug|Any CPU.ActiveCfg = Debug|Any CPU
		{AB008C25-78EA-4D27-9E1D-C7A19993247E}.Debug|Any CPU.Build.0 = Debug|Any CPU
		{AB008C25-78EA-4D27-9E1D-C7A19993247E}.Release|Any CPU.ActiveCfg = Release|Any CPU
		{AB008C25-78EA-4D27-9E1D-C7A19993247E}.Release|Any CPU.Build.0 = Release|Any CPU
		{CD9F5FAD-E3B9-4B1D-8257-59CCF86C01AD}.Debug|Any CPU.ActiveCfg = Debug|Any CPU
		{CD9F5FAD-E3B9-4B1D-8257-59CCF86C01AD}.Debug|Any CPU.Build.0 = Debug|Any CPU
		{CD9F5FAD-E3B9-4B1D-8257-59CCF86C01AD}.Release|Any CPU.ActiveCfg = Release|Any CPU
		{CD9F5FAD-E3B9-4B1D-8257-59CCF86C01AD}.Release|Any CPU.Build.0 = Release|Any CPU
	EndGlobalSection
	GlobalSection(SolutionProperties) = preSolution
		HideSolutionNode = FALSE
	EndGlobalSection
	GlobalSection(ExtensibilityGlobals) = postSolution
		SolutionGuid = {C63EE946-8BA8-44AE-853E-2B380251C1D5}
	EndGlobalSection
EndGlobal
